<?xml version="1.0" encoding="utf-8"?>
<Project ToolsVersion="4.0" xmlns="http://schemas.microsoft.com/developer/msbuild/2003">
  <ItemGroup>
    <ClCompile Include="01_core\singleton_base.h" />
    <ClCompile Include="02_manager\battle_manager.cpp" />
    <ClCompile Include="02_manager\game_manager.cpp" />
    <ClCompile Include="02_manager\Monsters.cpp" />
    <ClCompile Include="02_manager\MonsterSpawnManager.cpp" />
    <ClCompile Include="02_manager\player_manager.cpp" />
    <ClCompile Include="02_manager\shop_manager.cpp" />
    <ClCompile Include="03_ingame\Inventory.cpp" />
    <ClCompile Include="03_ingame\player\player.cpp" />
    <ClCompile Include="03_ingame\shop.cpp" />
    <ClCompile Include="TextRPG.cpp" />
    <ClCompile Include="03_ingame\items\attack_boost.cpp" />
    <ClCompile Include="03_ingame\items\health_potion.cpp" />
  </ItemGroup>
  <ItemGroup>
    <ClInclude Include="02_manager\battle_manager.h" />
    <ClInclude Include="01_core\item_base.h" />
    <ClInclude Include="02_manager\game_manager.h" />
    <ClInclude Include="02_manager\Monsters.h" />
    <ClInclude Include="02_manager\MonsterSpawnManager.h" />
    <ClInclude Include="02_manager\player_manager.h" />
    <ClInclude Include="02_manager\shop_manager.h" />
    <ClInclude Include="03_ingame\inventory.h" />
    <ClInclude Include="03_ingame\items\attack_boost.h" />
    <ClInclude Include="03_ingame\items\health_potion.h" />
    <ClInclude Include="03_ingame\player\player.h" />
    <ClInclude Include="03_ingame\shop.h" />
  </ItemGroup>
</Project>